// !$*UTF8*$!
{
	archiveVersion = 1;
	classes = {
	};
	objectVersion = 46;
	objects = {

/* Begin PBXBuildFile section */
		2A2A8F51174930DA00D00631 /* UIKit.framework in Frameworks */ = {isa = PBXBuildFile; fileRef = 2A2A8F50174930DA00D00631 /* UIKit.framework */; };
		2A2A8F53174930DA00D00631 /* Foundation.framework in Frameworks */ = {isa = PBXBuildFile; fileRef = 2A2A8F52174930DA00D00631 /* Foundation.framework */; };
		2A2A8F55174930DA00D00631 /* CoreGraphics.framework in Frameworks */ = {isa = PBXBuildFile; fileRef = 2A2A8F54174930DA00D00631 /* CoreGraphics.framework */; };
		2A2A8F5B174930DA00D00631 /* InfoPlist.strings in Resources */ = {isa = PBXBuildFile; fileRef = 2A2A8F59174930DA00D00631 /* InfoPlist.strings */; };
		2A2A8F5D174930DA00D00631 /* main.m in Sources */ = {isa = PBXBuildFile; fileRef = 2A2A8F5C174930DA00D00631 /* main.m */; };
		2A2A8F61174930DA00D00631 /* AppDelegate.m in Sources */ = {isa = PBXBuildFile; fileRef = 2A2A8F60174930DA00D00631 /* AppDelegate.m */; };
		2A2A8F63174930DA00D00631 /* Default.png in Resources */ = {isa = PBXBuildFile; fileRef = 2A2A8F62174930DA00D00631 /* Default.png */; };
		2A2A8F65174930DA00D00631 /* Default@2x.png in Resources */ = {isa = PBXBuildFile; fileRef = 2A2A8F64174930DA00D00631 /* Default@2x.png */; };
		2A2A8F67174930DA00D00631 /* Default-568h@2x.png in Resources */ = {isa = PBXBuildFile; fileRef = 2A2A8F66174930DA00D00631 /* Default-568h@2x.png */; };
		2A2A8F6A174930DA00D00631 /* ViewController.m in Sources */ = {isa = PBXBuildFile; fileRef = 2A2A8F69174930DA00D00631 /* ViewController.m */; };
		2A2A8F6D174930DA00D00631 /* ViewController_iPhone.xib in Resources */ = {isa = PBXBuildFile; fileRef = 2A2A8F6B174930DA00D00631 /* ViewController_iPhone.xib */; };
		2A2A8F70174930DA00D00631 /* ViewController_iPad.xib in Resources */ = {isa = PBXBuildFile; fileRef = 2A2A8F6E174930DA00D00631 /* ViewController_iPad.xib */; };
		2A2A8F78174930DA00D00631 /* SenTestingKit.framework in Frameworks */ = {isa = PBXBuildFile; fileRef = 2A2A8F77174930DA00D00631 /* SenTestingKit.framework */; };
		2A2A8F79174930DA00D00631 /* UIKit.framework in Frameworks */ = {isa = PBXBuildFile; fileRef = 2A2A8F50174930DA00D00631 /* UIKit.framework */; };
		2A2A8F7A174930DA00D00631 /* Foundation.framework in Frameworks */ = {isa = PBXBuildFile; fileRef = 2A2A8F52174930DA00D00631 /* Foundation.framework */; };
		2A2A8F82174930DA00D00631 /* InfoPlist.strings in Resources */ = {isa = PBXBuildFile; fileRef = 2A2A8F80174930DA00D00631 /* InfoPlist.strings */; };
		2A2A8F85174930DA00D00631 /* TempAppTests.m in Sources */ = {isa = PBXBuildFile; fileRef = 2A2A8F84174930DA00D00631 /* TempAppTests.m */; };
		2A2A8F91174AD7A200D00631 /* UIColor+THColor.m in Sources */ = {isa = PBXBuildFile; fileRef = 2A2A8F90174AD7A200D00631 /* UIColor+THColor.m */; };
		30D193F52D0044D08505268B /* libPods.a in Frameworks */ = {isa = PBXBuildFile; fileRef = D392EF3F5CE04D52972D23B6 /* libPods.a */; };
/* End PBXBuildFile section */

/* Begin PBXContainerItemProxy section */
		2A2A8F7B174930DA00D00631 /* PBXContainerItemProxy */ = {
			isa = PBXContainerItemProxy;
			containerPortal = 2A2A8F45174930DA00D00631 /* Project object */;
			proxyType = 1;
			remoteGlobalIDString = 2A2A8F4C174930DA00D00631;
			remoteInfo = TempApp;
		};
/* End PBXContainerItemProxy section */

/* Begin PBXFileReference section */
		2A2A8F4D174930DA00D00631 /* THColor Demo.app */ = {isa = PBXFileReference; explicitFileType = wrapper.application; includeInIndex = 0; path = "THColor Demo.app"; sourceTree = BUILT_PRODUCTS_DIR; };
		2A2A8F50174930DA00D00631 /* UIKit.framework */ = {isa = PBXFileReference; lastKnownFileType = wrapper.framework; name = UIKit.framework; path = System/Library/Frameworks/UIKit.framework; sourceTree = SDKROOT; };
		2A2A8F52174930DA00D00631 /* Foundation.framework */ = {isa = PBXFileReference; lastKnownFileType = wrapper.framework; name = Foundation.framework; path = System/Library/Frameworks/Foundation.framework; sourceTree = SDKROOT; };
		2A2A8F54174930DA00D00631 /* CoreGraphics.framework */ = {isa = PBXFileReference; lastKnownFileType = wrapper.framework; name = CoreGraphics.framework; path = System/Library/Frameworks/CoreGraphics.framework; sourceTree = SDKROOT; };
		2A2A8F58174930DA00D00631 /* THColor Demo-Info.plist */ = {isa = PBXFileReference; lastKnownFileType = text.plist.xml; path = "THColor Demo-Info.plist"; sourceTree = "<group>"; };
		2A2A8F5A174930DA00D00631 /* en */ = {isa = PBXFileReference; lastKnownFileType = text.plist.strings; name = en; path = en.lproj/InfoPlist.strings; sourceTree = "<group>"; };
		2A2A8F5C174930DA00D00631 /* main.m */ = {isa = PBXFileReference; lastKnownFileType = sourcecode.c.objc; path = main.m; sourceTree = "<group>"; };
		2A2A8F5E174930DA00D00631 /* THColor Demo-Prefix.pch */ = {isa = PBXFileReference; lastKnownFileType = sourcecode.c.h; path = "THColor Demo-Prefix.pch"; sourceTree = "<group>"; };
		2A2A8F5F174930DA00D00631 /* AppDelegate.h */ = {isa = PBXFileReference; lastKnownFileType = sourcecode.c.h; path = AppDelegate.h; sourceTree = "<group>"; };
		2A2A8F60174930DA00D00631 /* AppDelegate.m */ = {isa = PBXFileReference; lastKnownFileType = sourcecode.c.objc; path = AppDelegate.m; sourceTree = "<group>"; };
		2A2A8F62174930DA00D00631 /* Default.png */ = {isa = PBXFileReference; lastKnownFileType = image.png; path = Default.png; sourceTree = "<group>"; };
		2A2A8F64174930DA00D00631 /* Default@2x.png */ = {isa = PBXFileReference; lastKnownFileType = image.png; path = "Default@2x.png"; sourceTree = "<group>"; };
		2A2A8F66174930DA00D00631 /* Default-568h@2x.png */ = {isa = PBXFileReference; lastKnownFileType = image.png; path = "Default-568h@2x.png"; sourceTree = "<group>"; };
		2A2A8F68174930DA00D00631 /* ViewController.h */ = {isa = PBXFileReference; lastKnownFileType = sourcecode.c.h; path = ViewController.h; sourceTree = "<group>"; };
		2A2A8F69174930DA00D00631 /* ViewController.m */ = {isa = PBXFileReference; lastKnownFileType = sourcecode.c.objc; path = ViewController.m; sourceTree = "<group>"; };
		2A2A8F6C174930DA00D00631 /* en */ = {isa = PBXFileReference; lastKnownFileType = file.xib; name = en; path = en.lproj/ViewController_iPhone.xib; sourceTree = "<group>"; };
		2A2A8F6F174930DA00D00631 /* en */ = {isa = PBXFileReference; lastKnownFileType = file.xib; name = en; path = en.lproj/ViewController_iPad.xib; sourceTree = "<group>"; };
		2A2A8F76174930DA00D00631 /* THColor DemoTests.octest */ = {isa = PBXFileReference; explicitFileType = wrapper.cfbundle; includeInIndex = 0; path = "THColor DemoTests.octest"; sourceTree = BUILT_PRODUCTS_DIR; };
		2A2A8F77174930DA00D00631 /* SenTestingKit.framework */ = {isa = PBXFileReference; lastKnownFileType = wrapper.framework; name = SenTestingKit.framework; path = Library/Frameworks/SenTestingKit.framework; sourceTree = DEVELOPER_DIR; };
		2A2A8F7F174930DA00D00631 /* THColor DemoTests-Info.plist */ = {isa = PBXFileReference; lastKnownFileType = text.plist.xml; path = "THColor DemoTests-Info.plist"; sourceTree = "<group>"; };
		2A2A8F81174930DA00D00631 /* en */ = {isa = PBXFileReference; lastKnownFileType = text.plist.strings; name = en; path = en.lproj/InfoPlist.strings; sourceTree = "<group>"; };
		2A2A8F83174930DA00D00631 /* TempAppTests.h */ = {isa = PBXFileReference; lastKnownFileType = sourcecode.c.h; path = TempAppTests.h; sourceTree = "<group>"; };
		2A2A8F84174930DA00D00631 /* TempAppTests.m */ = {isa = PBXFileReference; lastKnownFileType = sourcecode.c.objc; path = TempAppTests.m; sourceTree = "<group>"; };
		2A2A8F8F174AD7A200D00631 /* UIColor+THColor.h */ = {isa = PBXFileReference; fileEncoding = 4; lastKnownFileType = sourcecode.c.h; path = "UIColor+THColor.h"; sourceTree = "<group>"; };
		2A2A8F90174AD7A200D00631 /* UIColor+THColor.m */ = {isa = PBXFileReference; fileEncoding = 4; lastKnownFileType = sourcecode.c.objc; path = "UIColor+THColor.m"; sourceTree = "<group>"; };
		982F30A43E404EE984986B30 /* Pods.xcconfig */ = {isa = PBXFileReference; includeInIndex = 1; lastKnownFileType = text.xcconfig; name = Pods.xcconfig; path = Pods/Pods.xcconfig; sourceTree = SOURCE_ROOT; };
		D392EF3F5CE04D52972D23B6 /* libPods.a */ = {isa = PBXFileReference; explicitFileType = archive.ar; includeInIndex = 0; path = libPods.a; sourceTree = BUILT_PRODUCTS_DIR; };
/* End PBXFileReference section */

/* Begin PBXFrameworksBuildPhase section */
		2A2A8F4A174930DA00D00631 /* Frameworks */ = {
			isa = PBXFrameworksBuildPhase;
			buildActionMask = 2147483647;
			files = (
				2A2A8F51174930DA00D00631 /* UIKit.framework in Frameworks */,
				2A2A8F53174930DA00D00631 /* Foundation.framework in Frameworks */,
				2A2A8F55174930DA00D00631 /* CoreGraphics.framework in Frameworks */,
				30D193F52D0044D08505268B /* libPods.a in Frameworks */,
			);
			runOnlyForDeploymentPostprocessing = 0;
		};
		2A2A8F72174930DA00D00631 /* Frameworks */ = {
			isa = PBXFrameworksBuildPhase;
			buildActionMask = 2147483647;
			files = (
				2A2A8F78174930DA00D00631 /* SenTestingKit.framework in Frameworks */,
				2A2A8F79174930DA00D00631 /* UIKit.framework in Frameworks */,
				2A2A8F7A174930DA00D00631 /* Foundation.framework in Frameworks */,
			);
			runOnlyForDeploymentPostprocessing = 0;
		};
/* End PBXFrameworksBuildPhase section */

/* Begin PBXGroup section */
		2A2A8F44174930DA00D00631 = {
			isa = PBXGroup;
			children = (
				2A2A8F8E174AD77500D00631 /* THColor */,
				2A2A8F56174930DA00D00631 /* THColor Demo */,
				2A2A8F7D174930DA00D00631 /* TempAppTests */,
				2A2A8F4F174930DA00D00631 /* Frameworks */,
				2A2A8F4E174930DA00D00631 /* Products */,
				982F30A43E404EE984986B30 /* Pods.xcconfig */,
			);
			sourceTree = "<group>";
		};
		2A2A8F4E174930DA00D00631 /* Products */ = {
			isa = PBXGroup;
			children = (
				2A2A8F4D174930DA00D00631 /* THColor Demo.app */,
				2A2A8F76174930DA00D00631 /* THColor DemoTests.octest */,
			);
			name = Products;
			sourceTree = "<group>";
		};
		2A2A8F4F174930DA00D00631 /* Frameworks */ = {
			isa = PBXGroup;
			children = (
				2A2A8F50174930DA00D00631 /* UIKit.framework */,
				2A2A8F52174930DA00D00631 /* Foundation.framework */,
				2A2A8F54174930DA00D00631 /* CoreGraphics.framework */,
				2A2A8F77174930DA00D00631 /* SenTestingKit.framework */,
				D392EF3F5CE04D52972D23B6 /* libPods.a */,
			);
			name = Frameworks;
			sourceTree = "<group>";
		};
		2A2A8F56174930DA00D00631 /* THColor Demo */ = {
			isa = PBXGroup;
			children = (
				2A2A8F5F174930DA00D00631 /* AppDelegate.h */,
				2A2A8F60174930DA00D00631 /* AppDelegate.m */,
				2A2A8F68174930DA00D00631 /* ViewController.h */,
				2A2A8F69174930DA00D00631 /* ViewController.m */,
				2A2A8F6B174930DA00D00631 /* ViewController_iPhone.xib */,
				2A2A8F6E174930DA00D00631 /* ViewController_iPad.xib */,
				2A2A8F57174930DA00D00631 /* Supporting Files */,
			);
			name = "THColor Demo";
			path = TempApp;
			sourceTree = "<group>";
		};
		2A2A8F57174930DA00D00631 /* Supporting Files */ = {
			isa = PBXGroup;
			children = (
				2A2A8F58174930DA00D00631 /* THColor Demo-Info.plist */,
				2A2A8F59174930DA00D00631 /* InfoPlist.strings */,
				2A2A8F5C174930DA00D00631 /* main.m */,
				2A2A8F5E174930DA00D00631 /* THColor Demo-Prefix.pch */,
				2A2A8F62174930DA00D00631 /* Default.png */,
				2A2A8F64174930DA00D00631 /* Default@2x.png */,
				2A2A8F66174930DA00D00631 /* Default-568h@2x.png */,
			);
			name = "Supporting Files";
			sourceTree = "<group>";
		};
		2A2A8F7D174930DA00D00631 /* TempAppTests */ = {
			isa = PBXGroup;
			children = (
				2A2A8F83174930DA00D00631 /* TempAppTests.h */,
				2A2A8F84174930DA00D00631 /* TempAppTests.m */,
				2A2A8F7E174930DA00D00631 /* Supporting Files */,
			);
			path = TempAppTests;
			sourceTree = "<group>";
		};
		2A2A8F7E174930DA00D00631 /* Supporting Files */ = {
			isa = PBXGroup;
			children = (
				2A2A8F7F174930DA00D00631 /* THColor DemoTests-Info.plist */,
				2A2A8F80174930DA00D00631 /* InfoPlist.strings */,
			);
			name = "Supporting Files";
			sourceTree = "<group>";
		};
		2A2A8F8E174AD77500D00631 /* THColor */ = {
			isa = PBXGroup;
			children = (
				2A2A8F8F174AD7A200D00631 /* UIColor+THColor.h */,
				2A2A8F90174AD7A200D00631 /* UIColor+THColor.m */,
			);
			name = THColor;
			sourceTree = "<group>";
		};
/* End PBXGroup section */

/* Begin PBXNativeTarget section */
		2A2A8F4C174930DA00D00631 /* THColor Demo */ = {
			isa = PBXNativeTarget;
			buildConfigurationList = 2A2A8F88174930DA00D00631 /* Build configuration list for PBXNativeTarget "THColor Demo" */;
			buildPhases = (
				8EAA2F97E2234E6FB67BB94B /* Check Pods Manifest.lock */,
				2A2A8F49174930DA00D00631 /* Sources */,
				2A2A8F4A174930DA00D00631 /* Frameworks */,
				2A2A8F4B174930DA00D00631 /* Resources */,
				A5685367B9B14E6B8A641C6D /* Copy Pods Resources */,
			);
			buildRules = (
			);
			dependencies = (
			);
			name = "THColor Demo";
			productName = TempApp;
			productReference = 2A2A8F4D174930DA00D00631 /* THColor Demo.app */;
			productType = "com.apple.product-type.application";
		};
		2A2A8F75174930DA00D00631 /* THColor DemoTests */ = {
			isa = PBXNativeTarget;
			buildConfigurationList = 2A2A8F8B174930DA00D00631 /* Build configuration list for PBXNativeTarget "THColor DemoTests" */;
			buildPhases = (
				2A2A8F71174930DA00D00631 /* Sources */,
				2A2A8F72174930DA00D00631 /* Frameworks */,
				2A2A8F73174930DA00D00631 /* Resources */,
				2A2A8F74174930DA00D00631 /* ShellScript */,
			);
			buildRules = (
			);
			dependencies = (
				2A2A8F7C174930DA00D00631 /* PBXTargetDependency */,
			);
			name = "THColor DemoTests";
			productName = TempAppTests;
			productReference = 2A2A8F76174930DA00D00631 /* THColor DemoTests.octest */;
			productType = "com.apple.product-type.bundle";
		};
/* End PBXNativeTarget section */

/* Begin PBXProject section */
		2A2A8F45174930DA00D00631 /* Project object */ = {
			isa = PBXProject;
			attributes = {
				LastUpgradeCheck = 0460;
				ORGANIZATIONNAME = "Lone Yeti";
			};
			buildConfigurationList = 2A2A8F48174930DA00D00631 /* Build configuration list for PBXProject "THColor Demo" */;
			compatibilityVersion = "Xcode 3.2";
			developmentRegion = English;
			hasScannedForEncodings = 0;
			knownRegions = (
				en,
			);
			mainGroup = 2A2A8F44174930DA00D00631;
			productRefGroup = 2A2A8F4E174930DA00D00631 /* Products */;
			projectDirPath = "";
			projectRoot = "";
			targets = (
				2A2A8F4C174930DA00D00631 /* THColor Demo */,
				2A2A8F75174930DA00D00631 /* THColor DemoTests */,
			);
		};
/* End PBXProject section */

/* Begin PBXResourcesBuildPhase section */
		2A2A8F4B174930DA00D00631 /* Resources */ = {
			isa = PBXResourcesBuildPhase;
			buildActionMask = 2147483647;
			files = (
				2A2A8F5B174930DA00D00631 /* InfoPlist.strings in Resources */,
				2A2A8F63174930DA00D00631 /* Default.png in Resources */,
				2A2A8F65174930DA00D00631 /* Default@2x.png in Resources */,
				2A2A8F67174930DA00D00631 /* Default-568h@2x.png in Resources */,
				2A2A8F6D174930DA00D00631 /* ViewController_iPhone.xib in Resources */,
				2A2A8F70174930DA00D00631 /* ViewController_iPad.xib in Resources */,
			);
			runOnlyForDeploymentPostprocessing = 0;
		};
		2A2A8F73174930DA00D00631 /* Resources */ = {
			isa = PBXResourcesBuildPhase;
			buildActionMask = 2147483647;
			files = (
				2A2A8F82174930DA00D00631 /* InfoPlist.strings in Resources */,
			);
			runOnlyForDeploymentPostprocessing = 0;
		};
/* End PBXResourcesBuildPhase section */

/* Begin PBXShellScriptBuildPhase section */
		2A2A8F74174930DA00D00631 /* ShellScript */ = {
			isa = PBXShellScriptBuildPhase;
			buildActionMask = 2147483647;
			files = (
			);
			inputPaths = (
			);
			outputPaths = (
			);
			runOnlyForDeploymentPostprocessing = 0;
			shellPath = /bin/sh;
			shellScript = "# Run the unit tests in this test bundle.\n\"${SYSTEM_DEVELOPER_DIR}/Tools/RunUnitTests\"\n";
		};
		8EAA2F97E2234E6FB67BB94B /* Check Pods Manifest.lock */ = {
			isa = PBXShellScriptBuildPhase;
			buildActionMask = 2147483647;
			files = (
			);
			inputPaths = (
			);
			name = "Check Pods Manifest.lock";
			outputPaths = (
			);
			runOnlyForDeploymentPostprocessing = 0;
			shellPath = /bin/sh;
			shellScript = "diff \"${PODS_ROOT}/../Podfile.lock\" \"${PODS_ROOT}/Manifest.lock\" > /dev/null\nif [[ $? != 0 ]] ; then\n    cat << EOM\nerror: The sandbox is not in sync with the Podfile.lock. Run 'pod install' or update your CocoaPods installation.\nEOM\n    exit 1\nfi\n";
		};
		A5685367B9B14E6B8A641C6D /* Copy Pods Resources */ = {
			isa = PBXShellScriptBuildPhase;
			buildActionMask = 2147483647;
			files = (
			);
			inputPaths = (
			);
			name = "Copy Pods Resources";
			outputPaths = (
			);
			runOnlyForDeploymentPostprocessing = 0;
			shellPath = /bin/sh;
			shellScript = "\"${SRCROOT}/Pods/Pods-resources.sh\"\n";
		};
/* End PBXShellScriptBuildPhase section */

/* Begin PBXSourcesBuildPhase section */
		2A2A8F49174930DA00D00631 /* Sources */ = {
			isa = PBXSourcesBuildPhase;
			buildActionMask = 2147483647;
			files = (
				2A2A8F5D174930DA00D00631 /* main.m in Sources */,
				2A2A8F61174930DA00D00631 /* AppDelegate.m in Sources */,
				2A2A8F6A174930DA00D00631 /* ViewController.m in Sources */,
				2A2A8F91174AD7A200D00631 /* UIColor+THColor.m in Sources */,
			);
			runOnlyForDeploymentPostprocessing = 0;
		};
		2A2A8F71174930DA00D00631 /* Sources */ = {
			isa = PBXSourcesBuildPhase;
			buildActionMask = 2147483647;
			files = (
				2A2A8F85174930DA00D00631 /* TempAppTests.m in Sources */,
			);
			runOnlyForDeploymentPostprocessing = 0;
		};
/* End PBXSourcesBuildPhase section */

/* Begin PBXTargetDependency section */
		2A2A8F7C174930DA00D00631 /* PBXTargetDependency */ = {
			isa = PBXTargetDependency;
			target = 2A2A8F4C174930DA00D00631 /* THColor Demo */;
			targetProxy = 2A2A8F7B174930DA00D00631 /* PBXContainerItemProxy */;
		};
/* End PBXTargetDependency section */

/* Begin PBXVariantGroup section */
		2A2A8F59174930DA00D00631 /* InfoPlist.strings */ = {
			isa = PBXVariantGroup;
			children = (
				2A2A8F5A174930DA00D00631 /* en */,
			);
			name = InfoPlist.strings;
			sourceTree = "<group>";
		};
		2A2A8F6B174930DA00D00631 /* ViewController_iPhone.xib */ = {
			isa = PBXVariantGroup;
			children = (
				2A2A8F6C174930DA00D00631 /* en */,
			);
			name = ViewController_iPhone.xib;
			sourceTree = "<group>";
		};
		2A2A8F6E174930DA00D00631 /* ViewController_iPad.xib */ = {
			isa = PBXVariantGroup;
			children = (
				2A2A8F6F174930DA00D00631 /* en */,
			);
			name = ViewController_iPad.xib;
			sourceTree = "<group>";
		};
		2A2A8F80174930DA00D00631 /* InfoPlist.strings */ = {
			isa = PBXVariantGroup;
			children = (
				2A2A8F81174930DA00D00631 /* en */,
			);
			name = InfoPlist.strings;
			sourceTree = "<group>";
		};
/* End PBXVariantGroup section */

/* Begin XCBuildConfiguration section */
		2A2A8F86174930DA00D00631 /* Debug */ = {
			isa = XCBuildConfiguration;
			buildSettings = {
				ALWAYS_SEARCH_USER_PATHS = NO;
				CLANG_CXX_LANGUAGE_STANDARD = "gnu++0x";
				CLANG_CXX_LIBRARY = "libc++";
				CLANG_ENABLE_OBJC_ARC = YES;
				CLANG_WARN_CONSTANT_CONVERSION = YES;
				CLANG_WARN_EMPTY_BODY = YES;
				CLANG_WARN_ENUM_CONVERSION = YES;
				CLANG_WARN_INT_CONVERSION = YES;
				CLANG_WARN__DUPLICATE_METHOD_MATCH = YES;
				"CODE_SIGN_IDENTITY[sdk=iphoneos*]" = "iPhone Developer";
				COPY_PHASE_STRIP = NO;
				GCC_C_LANGUAGE_STANDARD = gnu99;
				GCC_DYNAMIC_NO_PIC = NO;
				GCC_OPTIMIZATION_LEVEL = 0;
				GCC_PREPROCESSOR_DEFINITIONS = (
					"DEBUG=1",
					"$(inherited)",
				);
				GCC_SYMBOLS_PRIVATE_EXTERN = NO;
				GCC_WARN_ABOUT_RETURN_TYPE = YES;
				GCC_WARN_UNINITIALIZED_AUTOS = YES;
				GCC_WARN_UNUSED_VARIABLE = YES;
				IPHONEOS_DEPLOYMENT_TARGET = 6.1;
				ONLY_ACTIVE_ARCH = YES;
				SDKROOT = iphoneos;
				TARGETED_DEVICE_FAMILY = "1,2";
			};
			name = Debug;
		};
		2A2A8F87174930DA00D00631 /* Release */ = {
			isa = XCBuildConfiguration;
			buildSettings = {
				ALWAYS_SEARCH_USER_PATHS = NO;
				CLANG_CXX_LANGUAGE_STANDARD = "gnu++0x";
				CLANG_CXX_LIBRARY = "libc++";
				CLANG_ENABLE_OBJC_ARC = YES;
				CLANG_WARN_CONSTANT_CONVERSION = YES;
				CLANG_WARN_EMPTY_BODY = YES;
				CLANG_WARN_ENUM_CONVERSION = YES;
				CLANG_WARN_INT_CONVERSION = YES;
				CLANG_WARN__DUPLICATE_METHOD_MATCH = YES;
				"CODE_SIGN_IDENTITY[sdk=iphoneos*]" = "iPhone Developer";
				COPY_PHASE_STRIP = YES;
				GCC_C_LANGUAGE_STANDARD = gnu99;
				GCC_WARN_ABOUT_RETURN_TYPE = YES;
				GCC_WARN_UNINITIALIZED_AUTOS = YES;
				GCC_WARN_UNUSED_VARIABLE = YES;
				IPHONEOS_DEPLOYMENT_TARGET = 6.1;
				OTHER_CFLAGS = "-DNS_BLOCK_ASSERTIONS=1";
				SDKROOT = iphoneos;
				TARGETED_DEVICE_FAMILY = "1,2";
				VALIDATE_PRODUCT = YES;
			};
			name = Release;
		};
		2A2A8F89174930DA00D00631 /* Debug */ = {
			isa = XCBuildConfiguration;
			baseConfigurationReference = 982F30A43E404EE984986B30 /* Pods.xcconfig */;
			buildSettings = {
				GCC_PRECOMPILE_PREFIX_HEADER = YES;
				GCC_PREFIX_HEADER = "TempApp/THColor Demo-Prefix.pch";
				INFOPLIST_FILE = "TempApp/THColor Demo-Info.plist";
				PRODUCT_NAME = "THColor Demo";
				WRAPPER_EXTENSION = app;
			};
			name = Debug;
		};
		2A2A8F8A174930DA00D00631 /* Release */ = {
			isa = XCBuildConfiguration;
			baseConfigurationReference = 982F30A43E404EE984986B30 /* Pods.xcconfig */;
			buildSettings = {
				GCC_PRECOMPILE_PREFIX_HEADER = YES;
				GCC_PREFIX_HEADER = "TempApp/THColor Demo-Prefix.pch";
				INFOPLIST_FILE = "TempApp/THColor Demo-Info.plist";
				PRODUCT_NAME = "THColor Demo";
				WRAPPER_EXTENSION = app;
			};
			name = Release;
		};
		2A2A8F8C174930DA00D00631 /* Debug */ = {
			isa = XCBuildConfiguration;
			buildSettings = {
				BUNDLE_LOADER = "$(BUILT_PRODUCTS_DIR)/TempApp.app/TempApp";
				FRAMEWORK_SEARCH_PATHS = (
					"\"$(SDKROOT)/Developer/Library/Frameworks\"",
					"\"$(DEVELOPER_LIBRARY_DIR)/Frameworks\"",
				);
				GCC_PRECOMPILE_PREFIX_HEADER = YES;
				GCC_PREFIX_HEADER = "TempApp/TempApp-Prefix.pch";
				INFOPLIST_FILE = "TempAppTests/THColor DemoTests-Info.plist";
				PRODUCT_NAME = "THColor DemoTests";
				TEST_HOST = "$(BUNDLE_LOADER)";
				WRAPPER_EXTENSION = octest;
			};
			name = Debug;
		};
		2A2A8F8D174930DA00D00631 /* Release */ = {
			isa = XCBuildConfiguration;
			buildSettings = {
				BUNDLE_LOADER = "$(BUILT_PRODUCTS_DIR)/TempApp.app/TempApp";
				FRAMEWORK_SEARCH_PATHS = (
					"\"$(SDKROOT)/Developer/Library/Frameworks\"",
					"\"$(DEVELOPER_LIBRARY_DIR)/Frameworks\"",
				);
				GCC_PRECOMPILE_PREFIX_HEADER = YES;
				GCC_PREFIX_HEADER = "TempApp/TempApp-Prefix.pch";
				INFOPLIST_FILE = "TempAppTests/THColor DemoTests-Info.plist";
				PRODUCT_NAME = "THColor DemoTests";
				TEST_HOST = "$(BUNDLE_LOADER)";
				WRAPPER_EXTENSION = octest;
			};
			name = Release;
		};
/* End XCBuildConfiguration section */

/* Begin XCConfigurationList section */
		2A2A8F48174930DA00D00631 /* Build configuration list for PBXProject "THColor Demo" */ = {
			isa = XCConfigurationList;
			buildConfigurations = (
				2A2A8F86174930DA00D00631 /* Debug */,
				2A2A8F87174930DA00D00631 /* Release */,
			);
			defaultConfigurationIsVisible = 0;
			defaultConfigurationName = Release;
		};
		2A2A8F88174930DA00D00631 /* Build configuration list for PBXNativeTarget "THColor Demo" */ = {
			isa = XCConfigurationList;
			buildConfigurations = (
				2A2A8F89174930DA00D00631 /* Debug */,
				2A2A8F8A174930DA00D00631 /* Release */,
			);
			defaultConfigurationIsVisible = 0;
			defaultConfigurationName = Release;
		};
		2A2A8F8B174930DA00D00631 /* Build configuration list for PBXNativeTarget "THColor DemoTests" */ = {
			isa = XCConfigurationList;
			buildConfigurations = (
				2A2A8F8C174930DA00D00631 /* Debug */,
				2A2A8F8D174930DA00D00631 /* Release */,
			);
			defaultConfigurationIsVisible = 0;
			defaultConfigurationName = Release;
		};
/* End XCConfigurationList section */
	};
	rootObject = 2A2A8F45174930DA00D00631 /* Project object */;
}
